# THIS IS AN AUTOGENERATED FILE. DO NOT EDIT THIS FILE DIRECTLY.
# yarn lockfile v1


manifold-3d@^2.1.0:
  version "2.1.0"
  resolved "https://registry.yarnpkg.com/manifold-3d/-/manifold-3d-2.1.0.tgz#f2b386a635d3782d99d73471db87bb395110791d"
  integrity sha512-6HZKoE/F1Yy4jpjLvdbebELqxVh9h/RNaWU/vjernKJE9IJ+zZasP8saDCkCqzIj5vCRKg4IFOmsOAU01I6ajg==
